
Microsoft Visual Studio Solution File, Format Version 12.00
# Visual Studio Version 16
VisualStudioVersion = 16.0.31613.86
MinimumVisualStudioVersion = 10.0.40219.1
Project("{FAE04EC0-301F-11D3-BF4B-00C04F79EFBC}") = "TextToRTFConverter", "TextToRTFConverter\TextToRTFConverter.csproj", "{D17F35E2-C224-472A-B67C-44C8B6C94548}"
EndProject
Global
	GlobalSection(SolutionConfigurationPlatforms) = preSolution
		Debug|Any CPU = Debug|Any CPU
		Release|Any CPU = Release|Any CPU
	EndGlobalSection
	GlobalSection(ProjectConfigurationPlatforms) = postSolution
		{D17F35E2-C224-472A-B67C-44C8B6C94548}.Debug|Any CPU.ActiveCfg = Debug|Any CPU
		{D17F35E2-C224-472A-B67C-44C8B6C94548}.Debug|Any CPU.Build.0 = Debug|Any CPU
		{D17F35E2-C224-472A-B67C-44C8B6C94548}.Release|Any CPU.ActiveCfg = Release|Any CPU
		{D17F35E2-C224-472A-B67C-44C8B6C94548}.Release|Any CPU.Build.0 = Release|Any CPU
	EndGlobalSection
	GlobalSection(SolutionProperties) = preSolution
		HideSolutionNode = FALSE
	EndGlobalSection
	GlobalSection(ExtensibilityGlobals) = postSolution
		SolutionGuid = {82A06237-B048-4977-9C3D-320F0F6B8E73}
	EndGlobalSection
EndGlobal
